
Microsoft Visual Studio Solution File, Format Version 12.00
# Visual Studio Version 16
VisualStudioVersion = 16.0.29709.97
MinimumVisualStudioVersion = 10.0.40219.1
Project("{F184B08F-C81C-45F6-A57F-5ABD9991F28F}") = "FileDemo", "FileDemo\FileDemo.vbproj", "{217D2158-B9E4-4BC2-8E20-137E2D5F8517}"
EndProject
Global
	GlobalSection(SolutionConfigurationPlatforms) = preSolution
		Debug|Any CPU = Debug|Any CPU
		Release|Any CPU = Release|Any CPU
	EndGlobalSection
	GlobalSection(ProjectConfigurationPlatforms) = postSolution
		{217D2158-B9E4-4BC2-8E20-137E2D5F8517}.Debug|Any CPU.ActiveCfg = Debug|Any CPU
		{217D2158-B9E4-4BC2-8E20-137E2D5F8517}.Debug|Any CPU.Build.0 = Debug|Any CPU
		{217D2158-B9E4-4BC2-8E20-137E2D5F8517}.Release|Any CPU.ActiveCfg = Release|Any CPU
		{217D2158-B9E4-4BC2-8E20-137E2D5F8517}.Release|Any CPU.Build.0 = Release|Any CPU
	EndGlobalSection
	GlobalSection(SolutionProperties) = preSolution
		HideSolutionNode = FALSE
	EndGlobalSection
	GlobalSection(ExtensibilityGlobals) = postSolution
		SolutionGuid = {00F637DE-AB3D-42C5-B56E-B105EE3091C4}
	EndGlobalSection
EndGlobal
